Microsoft Visual Studio Solution File, Format Version 12.00
# Visual Studio Version 17
VisualStudioVersion = 17.5.2.0
MinimumVisualStudioVersion = 10.0.40219.1
Project("{FAE04EC0-301F-11D3-BF4B-00C04F79EFBC}") = "BetterCheckpoints", "BetterCheckpoints.csproj", "{2DAD802F-D38D-5419-AC15-AAAC516101D8}"
EndProject
Global
	GlobalSection(SolutionConfigurationPlatforms) = preSolution
		Debug|Any CPU = Debug|Any CPU
		Release|Any CPU = Release|Any CPU
	EndGlobalSection
	GlobalSection(ProjectConfigurationPlatforms) = postSolution
		{2DAD802F-D38D-5419-AC15-AAAC516101D8}.Debug|Any CPU.ActiveCfg = Debug|Any CPU
		{2DAD802F-D38D-5419-AC15-AAAC516101D8}.Debug|Any CPU.Build.0 = Debug|Any CPU
		{2DAD802F-D38D-5419-AC15-AAAC516101D8}.Release|Any CPU.ActiveCfg = Release|Any CPU
		{2DAD802F-D38D-5419-AC15-AAAC516101D8}.Release|Any CPU.Build.0 = Release|Any CPU
	EndGlobalSection
	GlobalSection(SolutionProperties) = preSolution
		HideSolutionNode = FALSE
	EndGlobalSection
	GlobalSection(ExtensibilityGlobals) = postSolution
		SolutionGuid = {A423352D-5D13-41D8-876D-9C7C7C514A3A}
	EndGlobalSection
EndGlobal
